// !$*UTF8*$!
{
	archiveVersion = 1;
	classes = {
	};
	objectVersion = 55;
	objects = {

/* Begin PBXBuildFile section */
		0506F3EA2816F52500395448 /* View+Ext.swift in Sources */ = {isa = PBXBuildFile; fileRef = 0506F3E92816F52500395448 /* View+Ext.swift */; };
		059BAB0B2814EB8A00D5F68D /* YoutubeApp.swift in Sources */ = {isa = PBXBuildFile; fileRef = 059BAB0A2814EB8A00D5F68D /* YoutubeApp.swift */; };
		059BAB0D2814EB8A00D5F68D /* ContentView.swift in Sources */ = {isa = PBXBuildFile; fileRef = 059BAB0C2814EB8A00D5F68D /* ContentView.swift */; };
		059BAB0F2814EB8B00D5F68D /* Assets.xcassets in Resources */ = {isa = PBXBuildFile; fileRef = 059BAB0E2814EB8B00D5F68D /* Assets.xcassets */; };
		059BAB122814EB8B00D5F68D /* Preview Assets.xcassets in Resources */ = {isa = PBXBuildFile; fileRef = 059BAB112814EB8B00D5F68D /* Preview Assets.xcassets */; };
		059BAB1C2814EB8B00D5F68D /* ProfileAppTests.swift in Sources */ = {isa = PBXBuildFile; fileRef = 059BAB1B2814EB8B00D5F68D /* ProfileAppTests.swift */; };
		059BAB262814EB8B00D5F68D /* ProfileAppUITests.swift in Sources */ = {isa = PBXBuildFile; fileRef = 059BAB252814EB8B00D5F68D /* ProfileAppUITests.swift */; };
		059BAB282814EB8B00D5F68D /* ProfileAppUITestsLaunchTests.swift in Sources */ = {isa = PBXBuildFile; fileRef = 059BAB272814EB8B00D5F68D /* ProfileAppUITestsLaunchTests.swift */; };
		059BAB362814FB7200D5F68D /* MovieListView.swift in Sources */ = {isa = PBXBuildFile; fileRef = 059BAB352814FB7200D5F68D /* MovieListView.swift */; };
		059BAB3B2814FC3B00D5F68D /* SettingView.swift in Sources */ = {isa = PBXBuildFile; fileRef = 059BAB3A2814FC3B00D5F68D /* SettingView.swift */; };
		059BAB3D2814FC7900D5F68D /* MovieListViewModel.swift in Sources */ = {isa = PBXBuildFile; fileRef = 059BAB3C2814FC7900D5F68D /* MovieListViewModel.swift */; };
		059BAB3F2815079800D5F68D /* SearchResponse.swift in Sources */ = {isa = PBXBuildFile; fileRef = 059BAB3E2815079800D5F68D /* SearchResponse.swift */; };
		059BAB4528150C0A00D5F68D /* ProfileDetailView.swift in Sources */ = {isa = PBXBuildFile; fileRef = 059BAB4428150C0A00D5F68D /* ProfileDetailView.swift */; };
		059BAB4728150C1500D5F68D /* ProfileDetailViewModel.swift in Sources */ = {isa = PBXBuildFile; fileRef = 059BAB4628150C1500D5F68D /* ProfileDetailViewModel.swift */; };
		059BAB4B28157EF900D5F68D /* SearchAPI.swift in Sources */ = {isa = PBXBuildFile; fileRef = 059BAB4A28157EF900D5F68D /* SearchAPI.swift */; };
/* End PBXBuildFile section */

/* Begin PBXContainerItemProxy section */
		059BAB182814EB8B00D5F68D /* PBXContainerItemProxy */ = {
			isa = PBXContainerItemProxy;
			containerPortal = 059BAAFF2814EB8A00D5F68D /* Project object */;
			proxyType = 1;
			remoteGlobalIDString = 059BAB062814EB8A00D5F68D;
			remoteInfo = ProfileApp;
		};
		059BAB222814EB8B00D5F68D /* PBXContainerItemProxy */ = {
			isa = PBXContainerItemProxy;
			containerPortal = 059BAAFF2814EB8A00D5F68D /* Project object */;
			proxyType = 1;
			remoteGlobalIDString = 059BAB062814EB8A00D5F68D;
			remoteInfo = ProfileApp;
		};
/* End PBXContainerItemProxy section */

/* Begin PBXFileReference section */
		0506F3E92816F52500395448 /* View+Ext.swift */ = {isa = PBXFileReference; lastKnownFileType = sourcecode.swift; path = "View+Ext.swift"; sourceTree = "<group>"; };
		0506F3EB2816FF3300395448 /* MyPlayground.playground */ = {isa = PBXFileReference; lastKnownFileType = file.playground; path = MyPlayground.playground; sourceTree = "<group>"; xcLanguageSpecificationIdentifier = xcode.lang.swift; };
		059BAB072814EB8A00D5F68D /* YoutubeApp.app */ = {isa = PBXFileReference; explicitFileType = wrapper.application; includeInIndex = 0; path = YoutubeApp.app; sourceTree = BUILT_PRODUCTS_DIR; };
		059BAB0A2814EB8A00D5F68D /* YoutubeApp.swift */ = {isa = PBXFileReference; lastKnownFileType = sourcecode.swift; path = YoutubeApp.swift; sourceTree = "<group>"; };
		059BAB0C2814EB8A00D5F68D /* ContentView.swift */ = {isa = PBXFileReference; lastKnownFileType = sourcecode.swift; path = ContentView.swift; sourceTree = "<group>"; };
		059BAB0E2814EB8B00D5F68D /* Assets.xcassets */ = {isa = PBXFileReference; lastKnownFileType = folder.assetcatalog; path = Assets.xcassets; sourceTree = "<group>"; };
		059BAB112814EB8B00D5F68D /* Preview Assets.xcassets */ = {isa = PBXFileReference; lastKnownFileType = folder.assetcatalog; path = "Preview Assets.xcassets"; sourceTree = "<group>"; };
		059BAB172814EB8B00D5F68D /* YoutubeAppTests.xctest */ = {isa = PBXFileReference; explicitFileType = wrapper.cfbundle; includeInIndex = 0; path = YoutubeAppTests.xctest; sourceTree = BUILT_PRODUCTS_DIR; };
		059BAB1B2814EB8B00D5F68D /* ProfileAppTests.swift */ = {isa = PBXFileReference; lastKnownFileType = sourcecode.swift; path = ProfileAppTests.swift; sourceTree = "<group>"; };
		059BAB212814EB8B00D5F68D /* YoutubeAppUITests.xctest */ = {isa = PBXFileReference; explicitFileType = wrapper.cfbundle; includeInIndex = 0; path = YoutubeAppUITests.xctest; sourceTree = BUILT_PRODUCTS_DIR; };
		059BAB252814EB8B00D5F68D /* ProfileAppUITests.swift */ = {isa = PBXFileReference; lastKnownFileType = sourcecode.swift; path = ProfileAppUITests.swift; sourceTree = "<group>"; };
		059BAB272814EB8B00D5F68D /* ProfileAppUITestsLaunchTests.swift */ = {isa = PBXFileReference; lastKnownFileType = sourcecode.swift; path = ProfileAppUITestsLaunchTests.swift; sourceTree = "<group>"; };
		059BAB352814FB7200D5F68D /* MovieListView.swift */ = {isa = PBXFileReference; lastKnownFileType = sourcecode.swift; path = MovieListView.swift; sourceTree = "<group>"; };
		059BAB3A2814FC3B00D5F68D /* SettingView.swift */ = {isa = PBXFileReference; lastKnownFileType = sourcecode.swift; path = SettingView.swift; sourceTree = "<group>"; };
		059BAB3C2814FC7900D5F68D /* MovieListViewModel.swift */ = {isa = PBXFileReference; lastKnownFileType = sourcecode.swift; path = MovieListViewModel.swift; sourceTree = "<group>"; };
		059BAB3E2815079800D5F68D /* SearchResponse.swift */ = {isa = PBXFileReference; lastKnownFileType = sourcecode.swift; path = SearchResponse.swift; sourceTree = "<group>"; };
		059BAB4428150C0A00D5F68D /* ProfileDetailView.swift */ = {isa = PBXFileReference; lastKnownFileType = sourcecode.swift; path = ProfileDetailView.swift; sourceTree = "<group>"; };
		059BAB4628150C1500D5F68D /* ProfileDetailViewModel.swift */ = {isa = PBXFileReference; lastKnownFileType = sourcecode.swift; path = ProfileDetailViewModel.swift; sourceTree = "<group>"; };
		059BAB4A28157EF900D5F68D /* SearchAPI.swift */ = {isa = PBXFileReference; lastKnownFileType = sourcecode.swift; path = SearchAPI.swift; sourceTree = "<group>"; };
/* End PBXFileReference section */

/* Begin PBXFrameworksBuildPhase section */
		059BAB042814EB8A00D5F68D /* Frameworks */ = {
			isa = PBXFrameworksBuildPhase;
			buildActionMask = 2147483647;
			files = (
			);
			runOnlyForDeploymentPostprocessing = 0;
		};
		059BAB142814EB8B00D5F68D /* Frameworks */ = {
			isa = PBXFrameworksBuildPhase;
			buildActionMask = 2147483647;
			files = (
			);
			runOnlyForDeploymentPostprocessing = 0;
		};
		059BAB1E2814EB8B00D5F68D /* Frameworks */ = {
			isa = PBXFrameworksBuildPhase;
			buildActionMask = 2147483647;
			files = (
			);
			runOnlyForDeploymentPostprocessing = 0;
		};
/* End PBXFrameworksBuildPhase section */

/* Begin PBXGroup section */
		0506F3E82816F4FF00395448 /* Extensions */ = {
			isa = PBXGroup;
			children = (
				0506F3E92816F52500395448 /* View+Ext.swift */,
			);
			path = Extensions;
			sourceTree = "<group>";
		};
		059BAAFE2814EB8A00D5F68D = {
			isa = PBXGroup;
			children = (
				059BAB092814EB8A00D5F68D /* YoutubeApp */,
				059BAB0E2814EB8B00D5F68D /* Assets.xcassets */,
				0506F3EB2816FF3300395448 /* MyPlayground.playground */,
				059BAB1A2814EB8B00D5F68D /* ProfileAppTests */,
				059BAB242814EB8B00D5F68D /* ProfileAppUITests */,
				059BAB082814EB8A00D5F68D /* Products */,
			);
			sourceTree = "<group>";
		};
		059BAB082814EB8A00D5F68D /* Products */ = {
			isa = PBXGroup;
			children = (
				059BAB072814EB8A00D5F68D /* YoutubeApp.app */,
				059BAB172814EB8B00D5F68D /* YoutubeAppTests.xctest */,
				059BAB212814EB8B00D5F68D /* YoutubeAppUITests.xctest */,
			);
			name = Products;
			sourceTree = "<group>";
		};
		059BAB092814EB8A00D5F68D /* YoutubeApp */ = {
			isa = PBXGroup;
			children = (
				059BAB0A2814EB8A00D5F68D /* YoutubeApp.swift */,
				0506F3E82816F4FF00395448 /* Extensions */,
				059BAB482815639900D5F68D /* Screen */,
				059BAB4928157E4100D5F68D /* Service */,
				059BAB402815079C00D5F68D /* Models */,
				059BAB102814EB8B00D5F68D /* Preview Content */,
			);
			path = YoutubeApp;
			sourceTree = "<group>";
		};
		059BAB102814EB8B00D5F68D /* Preview Content */ = {
			isa = PBXGroup;
			children = (
				059BAB112814EB8B00D5F68D /* Preview Assets.xcassets */,
			);
			path = "Preview Content";
			sourceTree = "<group>";
		};
		059BAB1A2814EB8B00D5F68D /* ProfileAppTests */ = {
			isa = PBXGroup;
			children = (
				059BAB1B2814EB8B00D5F68D /* ProfileAppTests.swift */,
			);
			path = ProfileAppTests;
			sourceTree = "<group>";
		};
		059BAB242814EB8B00D5F68D /* ProfileAppUITests */ = {
			isa = PBXGroup;
			children = (
				059BAB252814EB8B00D5F68D /* ProfileAppUITests.swift */,
				059BAB272814EB8B00D5F68D /* ProfileAppUITestsLaunchTests.swift */,
			);
			path = ProfileAppUITests;
			sourceTree = "<group>";
		};
		059BAB342814FB6600D5F68D /* Movies */ = {
			isa = PBXGroup;
			children = (
				059BAB352814FB7200D5F68D /* MovieListView.swift */,
				059BAB3C2814FC7900D5F68D /* MovieListViewModel.swift */,
			);
			path = Movies;
			sourceTree = "<group>";
		};
		059BAB392814FC0D00D5F68D /* Setting */ = {
			isa = PBXGroup;
			children = (
				059BAB3A2814FC3B00D5F68D /* SettingView.swift */,
			);
			path = Setting;
			sourceTree = "<group>";
		};
		059BAB402815079C00D5F68D /* Models */ = {
			isa = PBXGroup;
			children = (
				059BAB3E2815079800D5F68D /* SearchResponse.swift */,
			);
			path = Models;
			sourceTree = "<group>";
		};
		059BAB4328150BE100D5F68D /* ProfileDetail */ = {
			isa = PBXGroup;
			children = (
				059BAB4428150C0A00D5F68D /* ProfileDetailView.swift */,
				059BAB4628150C1500D5F68D /* ProfileDetailViewModel.swift */,
			);
			path = ProfileDetail;
			sourceTree = "<group>";
		};
		059BAB482815639900D5F68D /* Screen */ = {
			isa = PBXGroup;
			children = (
				059BAB0C2814EB8A00D5F68D /* ContentView.swift */,
				059BAB392814FC0D00D5F68D /* Setting */,
				059BAB342814FB6600D5F68D /* Movies */,
				059BAB4328150BE100D5F68D /* ProfileDetail */,
			);
			path = Screen;
			sourceTree = "<group>";
		};
		059BAB4928157E4100D5F68D /* Service */ = {
			isa = PBXGroup;
			children = (
				059BAB4A28157EF900D5F68D /* SearchAPI.swift */,
			);
			path = Service;
			sourceTree = "<group>";
		};
/* End PBXGroup section */

/* Begin PBXNativeTarget section */
		059BAB062814EB8A00D5F68D /* YoutubeApp */ = {
			isa = PBXNativeTarget;
			buildConfigurationList = 059BAB2B2814EB8B00D5F68D /* Build configuration list for PBXNativeTarget "YoutubeApp" */;
			buildPhases = (
				059BAB032814EB8A00D5F68D /* Sources */,
				059BAB042814EB8A00D5F68D /* Frameworks */,
				059BAB052814EB8A00D5F68D /* Resources */,
			);
			buildRules = (
			);
			dependencies = (
			);
			name = YoutubeApp;
			productName = ProfileApp;
			productReference = 059BAB072814EB8A00D5F68D /* YoutubeApp.app */;
			productType = "com.apple.product-type.application";
		};
		059BAB162814EB8B00D5F68D /* YoutubeAppTests */ = {
			isa = PBXNativeTarget;
			buildConfigurationList = 059BAB2E2814EB8B00D5F68D /* Build configuration list for PBXNativeTarget "YoutubeAppTests" */;
			buildPhases = (
				059BAB132814EB8B00D5F68D /* Sources */,
				059BAB142814EB8B00D5F68D /* Frameworks */,
				059BAB152814EB8B00D5F68D /* Resources */,
			);
			buildRules = (
			);
			dependencies = (
				059BAB192814EB8B00D5F68D /* PBXTargetDependency */,
			);
			name = YoutubeAppTests;
			productName = ProfileAppTests;
			productReference = 059BAB172814EB8B00D5F68D /* YoutubeAppTests.xctest */;
			productType = "com.apple.product-type.bundle.unit-test";
		};
		059BAB202814EB8B00D5F68D /* YoutubeAppUITests */ = {
			isa = PBXNativeTarget;
			buildConfigurationList = 059BAB312814EB8B00D5F68D /* Build configuration list for PBXNativeTarget "YoutubeAppUITests" */;
			buildPhases = (
				059BAB1D2814EB8B00D5F68D /* Sources */,
				059BAB1E2814EB8B00D5F68D /* Frameworks */,
				059BAB1F2814EB8B00D5F68D /* Resources */,
			);
			buildRules = (
			);
			dependencies = (
				059BAB232814EB8B00D5F68D /* PBXTargetDependency */,
			);
			name = YoutubeAppUITests;
			productName = ProfileAppUITests;
			productReference = 059BAB212814EB8B00D5F68D /* YoutubeAppUITests.xctest */;
			productType = "com.apple.product-type.bundle.ui-testing";
		};
/* End PBXNativeTarget section */

/* Begin PBXProject section */
		059BAAFF2814EB8A00D5F68D /* Project object */ = {
			isa = PBXProject;
			attributes = {
				BuildIndependentTargetsInParallel = 1;
				LastSwiftUpdateCheck = 1330;
				LastUpgradeCheck = 1330;
				TargetAttributes = {
					059BAB062814EB8A00D5F68D = {
						CreatedOnToolsVersion = 13.3.1;
					};
					059BAB162814EB8B00D5F68D = {
						CreatedOnToolsVersion = 13.3.1;
						TestTargetID = 059BAB062814EB8A00D5F68D;
					};
					059BAB202814EB8B00D5F68D = {
						CreatedOnToolsVersion = 13.3.1;
						TestTargetID = 059BAB062814EB8A00D5F68D;
					};
				};
			};
			buildConfigurationList = 059BAB022814EB8A00D5F68D /* Build configuration list for PBXProject "YoutubeApp" */;
			compatibilityVersion = "Xcode 13.0";
			developmentRegion = en;
			hasScannedForEncodings = 0;
			knownRegions = (
				en,
				Base,
			);
			mainGroup = 059BAAFE2814EB8A00D5F68D;
			productRefGroup = 059BAB082814EB8A00D5F68D /* Products */;
			projectDirPath = "";
			projectRoot = "";
			targets = (
				059BAB062814EB8A00D5F68D /* YoutubeApp */,
				059BAB162814EB8B00D5F68D /* YoutubeAppTests */,
				059BAB202814EB8B00D5F68D /* YoutubeAppUITests */,
			);
		};
/* End PBXProject section */

/* Begin PBXResourcesBuildPhase section */
		059BAB052814EB8A00D5F68D /* Resources */ = {
			isa = PBXResourcesBuildPhase;
			buildActionMask = 2147483647;
			files = (
				059BAB122814EB8B00D5F68D /* Preview Assets.xcassets in Resources */,
				059BAB0F2814EB8B00D5F68D /* Assets.xcassets in Resources */,
			);
			runOnlyForDeploymentPostprocessing = 0;
		};
		059BAB152814EB8B00D5F68D /* Resources */ = {
			isa = PBXResourcesBuildPhase;
			buildActionMask = 2147483647;
			files = (
			);
			runOnlyForDeploymentPostprocessing = 0;
		};
		059BAB1F2814EB8B00D5F68D /* Resources */ = {
			isa = PBXResourcesBuildPhase;
			buildActionMask = 2147483647;
			files = (
			);
			runOnlyForDeploymentPostprocessing = 0;
		};
/* End PBXResourcesBuildPhase section */

/* Begin PBXSourcesBuildPhase section */
		059BAB032814EB8A00D5F68D /* Sources */ = {
			isa = PBXSourcesBuildPhase;
			buildActionMask = 2147483647;
			files = (
				059BAB4728150C1500D5F68D /* ProfileDetailViewModel.swift in Sources */,
				059BAB0D2814EB8A00D5F68D /* ContentView.swift in Sources */,
				059BAB4528150C0A00D5F68D /* ProfileDetailView.swift in Sources */,
				059BAB3F2815079800D5F68D /* SearchResponse.swift in Sources */,
				059BAB3B2814FC3B00D5F68D /* SettingView.swift in Sources */,
				059BAB362814FB7200D5F68D /* MovieListView.swift in Sources */,
				0506F3EA2816F52500395448 /* View+Ext.swift in Sources */,
				059BAB4B28157EF900D5F68D /* SearchAPI.swift in Sources */,
				059BAB0B2814EB8A00D5F68D /* YoutubeApp.swift in Sources */,
				059BAB3D2814FC7900D5F68D /* MovieListViewModel.swift in Sources */,
			);
			runOnlyForDeploymentPostprocessing = 0;
		};
		059BAB132814EB8B00D5F68D /* Sources */ = {
			isa = PBXSourcesBuildPhase;
			buildActionMask = 2147483647;
			files = (
				059BAB1C2814EB8B00D5F68D /* ProfileAppTests.swift in Sources */,
			);
			runOnlyForDeploymentPostprocessing = 0;
		};
		059BAB1D2814EB8B00D5F68D /* Sources */ = {
			isa = PBXSourcesBuildPhase;
			buildActionMask = 2147483647;
			files = (
				059BAB282814EB8B00D5F68D /* ProfileAppUITestsLaunchTests.swift in Sources */,
				059BAB262814EB8B00D5F68D /* ProfileAppUITests.swift in Sources */,
			);
			runOnlyForDeploymentPostprocessing = 0;
		};
/* End PBXSourcesBuildPhase section */

/* Begin PBXTargetDependency section */
		059BAB192814EB8B00D5F68D /* PBXTargetDependency */ = {
			isa = PBXTargetDependency;
			target = 059BAB062814EB8A00D5F68D /* YoutubeApp */;
			targetProxy = 059BAB182814EB8B00D5F68D /* PBXContainerItemProxy */;
		};
		059BAB232814EB8B00D5F68D /* PBXTargetDependency */ = {
			isa = PBXTargetDependency;
			target = 059BAB062814EB8A00D5F68D /* YoutubeApp */;
			targetProxy = 059BAB222814EB8B00D5F68D /* PBXContainerItemProxy */;
		};
/* End PBXTargetDependency section */

/* Begin XCBuildConfiguration section */
		059BAB292814EB8B00D5F68D /* Debug */ = {
			isa = XCBuildConfiguration;
			buildSettings = {
				ALWAYS_SEARCH_USER_PATHS = NO;
				CLANG_ANALYZER_NONNULL = YES;
				CLANG_ANALYZER_NUMBER_OBJECT_CONVERSION = YES_AGGRESSIVE;
				CLANG_CXX_LANGUAGE_STANDARD = "gnu++17";
				CLANG_ENABLE_MODULES = YES;
				CLANG_ENABLE_OBJC_ARC = YES;
				CLANG_ENABLE_OBJC_WEAK = YES;
				CLANG_WARN_BLOCK_CAPTURE_AUTORELEASING = YES;
				CLANG_WARN_BOOL_CONVERSION = YES;
				CLANG_WARN_COMMA = YES;
				CLANG_WARN_CONSTANT_CONVERSION = YES;
				CLANG_WARN_DEPRECATED_OBJC_IMPLEMENTATIONS = YES;
				CLANG_WARN_DIRECT_OBJC_ISA_USAGE = YES_ERROR;
				CLANG_WARN_DOCUMENTATION_COMMENTS = YES;
				CLANG_WARN_EMPTY_BODY = YES;
				CLANG_WARN_ENUM_CONVERSION = YES;
				CLANG_WARN_INFINITE_RECURSION = YES;
				CLANG_WARN_INT_CONVERSION = YES;
				CLANG_WARN_NON_LITERAL_NULL_CONVERSION = YES;
				CLANG_WARN_OBJC_IMPLICIT_RETAIN_SELF = YES;
				CLANG_WARN_OBJC_LITERAL_CONVERSION = YES;
				CLANG_WARN_OBJC_ROOT_CLASS = YES_ERROR;
				CLANG_WARN_QUOTED_INCLUDE_IN_FRAMEWORK_HEADER = YES;
				CLANG_WARN_RANGE_LOOP_ANALYSIS = YES;
				CLANG_WARN_STRICT_PROTOTYPES = YES;
				CLANG_WARN_SUSPICIOUS_MOVE = YES;
				CLANG_WARN_UNGUARDED_AVAILABILITY = YES_AGGRESSIVE;
				CLANG_WARN_UNREACHABLE_CODE = YES;
				CLANG_WARN__DUPLICATE_METHOD_MATCH = YES;
				COPY_PHASE_STRIP = NO;
				DEBUG_INFORMATION_FORMAT = dwarf;
				ENABLE_STRICT_OBJC_MSGSEND = YES;
				ENABLE_TESTABILITY = YES;
				GCC_C_LANGUAGE_STANDARD = gnu11;
				GCC_DYNAMIC_NO_PIC = NO;
				GCC_NO_COMMON_BLOCKS = YES;
				GCC_OPTIMIZATION_LEVEL = 0;
				GCC_PREPROCESSOR_DEFINITIONS = (
					"DEBUG=1",
					"$(inherited)",
				);
				GCC_WARN_64_TO_32_BIT_CONVERSION = YES;
				GCC_WARN_ABOUT_RETURN_TYPE = YES_ERROR;
				GCC_WARN_UNDECLARED_SELECTOR = YES;
				GCC_WARN_UNINITIALIZED_AUTOS = YES_AGGRESSIVE;
				GCC_WARN_UNUSED_FUNCTION = YES;
				GCC_WARN_UNUSED_VARIABLE = YES;
				IPHONEOS_DEPLOYMENT_TARGET = 15.3;
				MTL_ENABLE_DEBUG_INFO = INCLUDE_SOURCE;
				MTL_FAST_MATH = YES;
				ONLY_ACTIVE_ARCH = YES;
				SDKROOT = iphoneos;
				SWIFT_ACTIVE_COMPILATION_CONDITIONS = DEBUG;
				SWIFT_OPTIMIZATION_LEVEL = "-Onone";
			};
			name = Debug;
		};
		059BAB2A2814EB8B00D5F68D /* Release */ = {
			isa = XCBuildConfiguration;
			buildSettings = {
				ALWAYS_SEARCH_USER_PATHS = NO;
				CLANG_ANALYZER_NONNULL = YES;
				CLANG_ANALYZER_NUMBER_OBJECT_CONVERSION = YES_AGGRESSIVE;
				CLANG_CXX_LANGUAGE_STANDARD = "gnu++17";
				CLANG_ENABLE_MODULES = YES;
				CLANG_ENABLE_OBJC_ARC = YES;
				CLANG_ENABLE_OBJC_WEAK = YES;
				CLANG_WARN_BLOCK_CAPTURE_AUTORELEASING = YES;
				CLANG_WARN_BOOL_CONVERSION = YES;
				CLANG_WARN_COMMA = YES;
				CLANG_WARN_CONSTANT_CONVERSION = YES;
				CLANG_WARN_DEPRECATED_OBJC_IMPLEMENTATIONS = YES;
				CLANG_WARN_DIRECT_OBJC_ISA_USAGE = YES_ERROR;
				CLANG_WARN_DOCUMENTATION_COMMENTS = YES;
				CLANG_WARN_EMPTY_BODY = YES;
				CLANG_WARN_ENUM_CONVERSION = YES;
				CLANG_WARN_INFINITE_RECURSION = YES;
				CLANG_WARN_INT_CONVERSION = YES;
				CLANG_WARN_NON_LITERAL_NULL_CONVERSION = YES;
				CLANG_WARN_OBJC_IMPLICIT_RETAIN_SELF = YES;
				CLANG_WARN_OBJC_LITERAL_CONVERSION = YES;
				CLANG_WARN_OBJC_ROOT_CLASS = YES_ERROR;
				CLANG_WARN_QUOTED_INCLUDE_IN_FRAMEWORK_HEADER = YES;
				CLANG_WARN_RANGE_LOOP_ANALYSIS = YES;
				CLANG_WARN_STRICT_PROTOTYPES = YES;
				CLANG_WARN_SUSPICIOUS_MOVE = YES;
				CLANG_WARN_UNGUARDED_AVAILABILITY = YES_AGGRESSIVE;
				CLANG_WARN_UNREACHABLE_CODE = YES;
				CLANG_WARN__DUPLICATE_METHOD_MATCH = YES;
				COPY_PHASE_STRIP = NO;
				DEBUG_INFORMATION_FORMAT = "dwarf-with-dsym";
				ENABLE_NS_ASSERTIONS = NO;
				ENABLE_STRICT_OBJC_MSGSEND = YES;
				GCC_C_LANGUAGE_STANDARD = gnu11;
				GCC_NO_COMMON_BLOCKS = YES;
				GCC_WARN_64_TO_32_BIT_CONVERSION = YES;
				GCC_WARN_ABOUT_RETURN_TYPE = YES_ERROR;
				GCC_WARN_UNDECLARED_SELECTOR = YES;
				GCC_WARN_UNINITIALIZED_AUTOS = YES_AGGRESSIVE;
				GCC_WARN_UNUSED_FUNCTION = YES;
				GCC_WARN_UNUSED_VARIABLE = YES;
				IPHONEOS_DEPLOYMENT_TARGET = 15.3;
				MTL_ENABLE_DEBUG_INFO = NO;
				MTL_FAST_MATH = YES;
				SDKROOT = iphoneos;
				SWIFT_COMPILATION_MODE = wholemodule;
				SWIFT_OPTIMIZATION_LEVEL = "-O";
				VALIDATE_PRODUCT = YES;
			};
			name = Release;
		};
		059BAB2C2814EB8B00D5F68D /* Debug */ = {
			isa = XCBuildConfiguration;
			buildSettings = {
				ASSETCATALOG_COMPILER_APPICON_NAME = AppIcon;
				ASSETCATALOG_COMPILER_GLOBAL_ACCENT_COLOR_NAME = AccentColor;
				CODE_SIGN_STYLE = Automatic;
				CURRENT_PROJECT_VERSION = 1;
				DEVELOPMENT_ASSET_PATHS = "\"YoutubeApp/Preview Content\"";
				DEVELOPMENT_TEAM = 995JCBZCD8;
				ENABLE_PREVIEWS = YES;
				GENERATE_INFOPLIST_FILE = YES;
				INFOPLIST_KEY_UIApplicationSceneManifest_Generation = YES;
				INFOPLIST_KEY_UIApplicationSupportsIndirectInputEvents = YES;
				INFOPLIST_KEY_UILaunchScreen_Generation = YES;
				INFOPLIST_KEY_UISupportedInterfaceOrientations_iPad = "UIInterfaceOrientationPortrait UIInterfaceOrientationPortraitUpsideDown UIInterfaceOrientationLandscapeLeft UIInterfaceOrientationLandscapeRight";
				INFOPLIST_KEY_UISupportedInterfaceOrientations_iPhone = "UIInterfaceOrientationPortrait UIInterfaceOrientationLandscapeLeft UIInterfaceOrientationLandscapeRight";
				IPHONEOS_DEPLOYMENT_TARGET = 15.3;
				LD_RUNPATH_SEARCH_PATHS = (
					"$(inherited)",
					"@executable_path/Frameworks",
				);
				MARKETING_VERSION = 1.0;
				PRODUCT_BUNDLE_IDENTIFIER = com.takumi1995776.ProfileApp;
				PRODUCT_NAME = "$(TARGET_NAME)";
				SWIFT_EMIT_LOC_STRINGS = YES;
				SWIFT_VERSION = 5.0;
				TARGETED_DEVICE_FAMILY = "1,2";
			};
			name = Debug;
		};
		059BAB2D2814EB8B00D5F68D /* Release */ = {
			isa = XCBuildConfiguration;
			buildSettings = {
				ASSETCATALOG_COMPILER_APPICON_NAME = AppIcon;
				ASSETCATALOG_COMPILER_GLOBAL_ACCENT_COLOR_NAME = AccentColor;
				CODE_SIGN_STYLE = Automatic;
				CURRENT_PROJECT_VERSION = 1;
				DEVELOPMENT_ASSET_PATHS = "\"YoutubeApp/Preview Content\"";
				DEVELOPMENT_TEAM = 995JCBZCD8;
				ENABLE_PREVIEWS = YES;
				GENERATE_INFOPLIST_FILE = YES;
				INFOPLIST_KEY_UIApplicationSceneManifest_Generation = YES;
				INFOPLIST_KEY_UIApplicationSupportsIndirectInputEvents = YES;
				INFOPLIST_KEY_UILaunchScreen_Generation = YES;
				INFOPLIST_KEY_UISupportedInterfaceOrientations_iPad = "UIInterfaceOrientationPortrait UIInterfaceOrientationPortraitUpsideDown UIInterfaceOrientationLandscapeLeft UIInterfaceOrientationLandscapeRight";
				INFOPLIST_KEY_UISupportedInterfaceOrientations_iPhone = "UIInterfaceOrientationPortrait UIInterfaceOrientationLandscapeLeft UIInterfaceOrientationLandscapeRight";
				IPHONEOS_DEPLOYMENT_TARGET = 15.3;
				LD_RUNPATH_SEARCH_PATHS = (
					"$(inherited)",
					"@executable_path/Frameworks",
				);
				MARKETING_VERSION = 1.0;
				PRODUCT_BUNDLE_IDENTIFIER = com.takumi1995776.ProfileApp;
				PRODUCT_NAME = "$(TARGET_NAME)";
				SWIFT_EMIT_LOC_STRINGS = YES;
				SWIFT_VERSION = 5.0;
				TARGETED_DEVICE_FAMILY = "1,2";
			};
			name = Release;
		};
		059BAB2F2814EB8B00D5F68D /* Debug */ = {
			isa = XCBuildConfiguration;
			buildSettings = {
				ALWAYS_EMBED_SWIFT_STANDARD_LIBRARIES = YES;
				BUNDLE_LOADER = "$(TEST_HOST)";
				CODE_SIGN_STYLE = Automatic;
				CURRENT_PROJECT_VERSION = 1;
				DEVELOPMENT_TEAM = 995JCBZCD8;
				GENERATE_INFOPLIST_FILE = YES;
				IPHONEOS_DEPLOYMENT_TARGET = 15.4;
				MARKETING_VERSION = 1.0;
				PRODUCT_BUNDLE_IDENTIFIER = com.takumi1995776.ProfileAppTests;
				PRODUCT_NAME = "$(TARGET_NAME)";
				SWIFT_EMIT_LOC_STRINGS = NO;
				SWIFT_VERSION = 5.0;
				TARGETED_DEVICE_FAMILY = "1,2";
				TEST_HOST = "$(BUILT_PRODUCTS_DIR)/YoutubeApp.app/YoutubeApp";
			};
			name = Debug;
		};
		059BAB302814EB8B00D5F68D /* Release */ = {
			isa = XCBuildConfiguration;
			buildSettings = {
				ALWAYS_EMBED_SWIFT_STANDARD_LIBRARIES = YES;
				BUNDLE_LOADER = "$(TEST_HOST)";
				CODE_SIGN_STYLE = Automatic;
				CURRENT_PROJECT_VERSION = 1;
				DEVELOPMENT_TEAM = 995JCBZCD8;
				GENERATE_INFOPLIST_FILE = YES;
				IPHONEOS_DEPLOYMENT_TARGET = 15.4;
				MARKETING_VERSION = 1.0;
				PRODUCT_BUNDLE_IDENTIFIER = com.takumi1995776.ProfileAppTests;
				PRODUCT_NAME = "$(TARGET_NAME)";
				SWIFT_EMIT_LOC_STRINGS = NO;
				SWIFT_VERSION = 5.0;
				TARGETED_DEVICE_FAMILY = "1,2";
				TEST_HOST = "$(BUILT_PRODUCTS_DIR)/YoutubeApp.app/YoutubeApp";
			};
			name = Release;
		};
		059BAB322814EB8B00D5F68D /* Debug */ = {
			isa = XCBuildConfiguration;
			buildSettings = {
				ALWAYS_EMBED_SWIFT_STANDARD_LIBRARIES = YES;
				CODE_SIGN_STYLE = Automatic;
				CURRENT_PROJECT_VERSION = 1;
				DEVELOPMENT_TEAM = 995JCBZCD8;
				GENERATE_INFOPLIST_FILE = YES;
				MARKETING_VERSION = 1.0;
				PRODUCT_BUNDLE_IDENTIFIER = com.takumi1995776.ProfileAppUITests;
				PRODUCT_NAME = "$(TARGET_NAME)";
				SWIFT_EMIT_LOC_STRINGS = NO;
				SWIFT_VERSION = 5.0;
				TARGETED_DEVICE_FAMILY = "1,2";
				TEST_TARGET_NAME = ProfileApp;
			};
			name = Debug;
		};
		059BAB332814EB8B00D5F68D /* Release */ = {
			isa = XCBuildConfiguration;
			buildSettings = {
				ALWAYS_EMBED_SWIFT_STANDARD_LIBRARIES = YES;
				CODE_SIGN_STYLE = Automatic;
				CURRENT_PROJECT_VERSION = 1;
				DEVELOPMENT_TEAM = 995JCBZCD8;
				GENERATE_INFOPLIST_FILE = YES;
				MARKETING_VERSION = 1.0;
				PRODUCT_BUNDLE_IDENTIFIER = com.takumi1995776.ProfileAppUITests;
				PRODUCT_NAME = "$(TARGET_NAME)";
				SWIFT_EMIT_LOC_STRINGS = NO;
				SWIFT_VERSION = 5.0;
				TARGETED_DEVICE_FAMILY = "1,2";
				TEST_TARGET_NAME = ProfileApp;
			};
			name = Release;
		};
/* End XCBuildConfiguration section */

/* Begin XCConfigurationList section */
		059BAB022814EB8A00D5F68D /* Build configuration list for PBXProject "YoutubeApp" */ = {
			isa = XCConfigurationList;
			buildConfigurations = (
				059BAB292814EB8B00D5F68D /* Debug */,
				059BAB2A2814EB8B00D5F68D /* Release */,
			);
			defaultConfigurationIsVisible = 0;
			defaultConfigurationName = Release;
		};
		059BAB2B2814EB8B00D5F68D /* Build configuration list for PBXNativeTarget "YoutubeApp" */ = {
			isa = XCConfigurationList;
			buildConfigurations = (
				059BAB2C2814EB8B00D5F68D /* Debug */,
				059BAB2D2814EB8B00D5F68D /* Release */,
			);
			defaultConfigurationIsVisible = 0;
			defaultConfigurationName = Release;
		};
		059BAB2E2814EB8B00D5F68D /* Build configuration list for PBXNativeTarget "YoutubeAppTests" */ = {
			isa = XCConfigurationList;
			buildConfigurations = (
				059BAB2F2814EB8B00D5F68D /* Debug */,
				059BAB302814EB8B00D5F68D /* Release */,
			);
			defaultConfigurationIsVisible = 0;
			defaultConfigurationName = Release;
		};
		059BAB312814EB8B00D5F68D /* Build configuration list for PBXNativeTarget "YoutubeAppUITests" */ = {
			isa = XCConfigurationList;
			buildConfigurations = (
				059BAB322814EB8B00D5F68D /* Debug */,
				059BAB332814EB8B00D5F68D /* Release */,
			);
			defaultConfigurationIsVisible = 0;
			defaultConfigurationName = Release;
		};
/* End XCConfigurationList section */
	};
	rootObject = 059BAAFF2814EB8A00D5F68D /* Project object */;
}
